{
  "name": "create-stravi",
  "version": "0.0.6",
  "lockfileVersion": 3,
  "requires": true,
  "packages": {
    "": {
      "name": "create-stravi",
      "version": "0.0.6",
      "license": "MIT",
      "bin": {
        "create-stravi": "cli.js"
      },
      "engines": {
        "node": ">=18"
      }
    }
  }
}
