{
  "name": "create-stravix",
  "version": "1.0.1",
  "lockfileVersion": 3,
  "requires": true,
  "packages": {
    "": {
      "name": "create-stravix",
      "version": "1.0.1",
      "license": "MIT",
      "bin": {
        "create-stravix": "cli.js"
      },
      "engines": {
        "node": ">=18"
      }
    }
  }
}
